# Generated by pub
# See https://dart.dev/tools/pub/glossary#lockfile
packages:
  js:
    dependency: "direct main"
    description:
      name: js
      sha256: f2c445dce49627136094980615a031419f7f3eb393237e4ecd97ac15dea343f3
      url: "https://pub.flutter-io.cn"
    source: hosted
    version: "0.6.7"
  meta:
    dependency: transitive
    description:
      name: meta
      sha256: d584fa6707a52763a52446f02cc621b077888fb63b93bbcb1143a7be5a0c0c04
      url: "https://pub.flutter-io.cn"
    source: hosted
    version: "1.11.0"
  vector_math:
    dependency: "direct main"
    description:
      name: vector_math
      sha256: "80b3257d1492ce4d091729e3a67a60407d227c27241d6927be0130c98e741803"
      url: "https://pub.flutter-io.cn"
    source: hosted
    version: "2.1.4"
sdks:
  dart: ">=3.2.2 <4.0.0"
